// !$*UTF8*$!
{
	archiveVersion = 1;
	classes = {
	};
	objectVersion = 46;
	objects = {

/* Begin PBXBuildFile section */
		61285CC51D9462A200659117 /* main.m in Sources */ = {isa = PBXBuildFile; fileRef = 61285CC41D9462A200659117 /* main.m */; };
		61285CC81D9462A200659117 /* AppDelegate.m in Sources */ = {isa = PBXBuildFile; fileRef = 61285CC71D9462A200659117 /* AppDelegate.m */; };
		61285CD01D9462A200659117 /* Assets.xcassets in Resources */ = {isa = PBXBuildFile; fileRef = 61285CCF1D9462A200659117 /* Assets.xcassets */; };
		61285CD31D9462A200659117 /* LaunchScreen.storyboard in Resources */ = {isa = PBXBuildFile; fileRef = 61285CD11D9462A200659117 /* LaunchScreen.storyboard */; };
/* End PBXBuildFile section */

/* Begin PBXFileReference section */
		61285CC01D9462A200659117 /* NoteBook.app */ = {isa = PBXFileReference; explicitFileType = wrapper.application; includeInIndex = 0; path = NoteBook.app; sourceTree = BUILT_PRODUCTS_DIR; };
		61285CC41D9462A200659117 /* main.m */ = {isa = PBXFileReference; lastKnownFileType = sourcecode.c.objc; path = main.m; sourceTree = "<group>"; };
		61285CC61D9462A200659117 /* AppDelegate.h */ = {isa = PBXFileReference; lastKnownFileType = sourcecode.c.h; path = AppDelegate.h; sourceTree = "<group>"; };
		61285CC71D9462A200659117 /* AppDelegate.m */ = {isa = PBXFileReference; lastKnownFileType = sourcecode.c.objc; path = AppDelegate.m; sourceTree = "<group>"; };
		61285CCF1D9462A200659117 /* Assets.xcassets */ = {isa = PBXFileReference; lastKnownFileType = folder.assetcatalog; path = Assets.xcassets; sourceTree = "<group>"; };
		61285CD21D9462A200659117 /* Base */ = {isa = PBXFileReference; lastKnownFileType = file.storyboard; name = Base; path = Base.lproj/LaunchScreen.storyboard; sourceTree = "<group>"; };
		61285CD41D9462A200659117 /* Info.plist */ = {isa = PBXFileReference; lastKnownFileType = text.plist.xml; path = Info.plist; sourceTree = "<group>"; };
/* End PBXFileReference section */

/* Begin PBXFrameworksBuildPhase section */
		61285CBD1D9462A200659117 /* Frameworks */ = {
			isa = PBXFrameworksBuildPhase;
			buildActionMask = 2147483647;
			files = (
			);
			runOnlyForDeploymentPostprocessing = 0;
		};
/* End PBXFrameworksBuildPhase section */

/* Begin PBXGroup section */
		61285CB71D9462A200659117 = {
			isa = PBXGroup;
			children = (
				61285CC21D9462A200659117 /* NoteBook */,
				61285CC11D9462A200659117 /* Products */,
			);
			sourceTree = "<group>";
		};
		61285CC11D9462A200659117 /* Products */ = {
			isa = PBXGroup;
			children = (
				61285CC01D9462A200659117 /* NoteBook.app */,
			);
			name = Products;
			sourceTree = "<group>";
		};
		61285CC21D9462A200659117 /* NoteBook */ = {
			isa = PBXGroup;
			children = (
				61285CC61D9462A200659117 /* AppDelegate.h */,
				61285CC71D9462A200659117 /* AppDelegate.m */,
				61285CCF1D9462A200659117 /* Assets.xcassets */,
				61285CD11D9462A200659117 /* LaunchScreen.storyboard */,
				61285CD41D9462A200659117 /* Info.plist */,
				61285CC31D9462A200659117 /* Supporting Files */,
			);
			path = NoteBook;
			sourceTree = "<group>";
		};
		61285CC31D9462A200659117 /* Supporting Files */ = {
			isa = PBXGroup;
			children = (
				61285CC41D9462A200659117 /* main.m */,
			);
			name = "Supporting Files";
			sourceTree = "<group>";
		};
/* End PBXGroup section */

/* Begin PBXNativeTarget section */
		61285CBF1D9462A200659117 /* NoteBook */ = {
			isa = PBXNativeTarget;
			buildConfigurationList = 61285CD71D9462A200659117 /* Build configuration list for PBXNativeTarget "NoteBook" */;
			buildPhases = (
				61285CBC1D9462A200659117 /* Sources */,
				61285CBD1D9462A200659117 /* Frameworks */,
				61285CBE1D9462A200659117 /* Resources */,
			);
			buildRules = (
			);
			dependencies = (
			);
			name = NoteBook;
			productName = NoteBook;
			productReference = 61285CC01D9462A200659117 /* NoteBook.app */;
			productType = "com.apple.product-type.application";
		};
/* End PBXNativeTarget section */

/* Begin PBXProject section */
		61285CB81D9462A200659117 /* Project object */ = {
			isa = PBXProject;
			attributes = {
				LastUpgradeCheck = 0730;
				ORGANIZATIONNAME = "Kylie Tram Le";
				TargetAttributes = {
					61285CBF1D9462A200659117 = {
						CreatedOnToolsVersion = 7.3.1;
					};
				};
			};
			buildConfigurationList = 61285CBB1D9462A200659117 /* Build configuration list for PBXProject "NoteBook" */;
			compatibilityVersion = "Xcode 3.2";
			developmentRegion = English;
			hasScannedForEncodings = 0;
			knownRegions = (
				en,
				Base,
			);
			mainGroup = 61285CB71D9462A200659117;
			productRefGroup = 61285CC11D9462A200659117 /* Products */;
			projectDirPath = "";
			projectRoot = "";
			targets = (
				61285CBF1D9462A200659117 /* NoteBook */,
			);
		};
/* End PBXProject section */

/* Begin PBXResourcesBuildPhase section */
		61285CBE1D9462A200659117 /* Resources */ = {
			isa = PBXResourcesBuildPhase;
			buildActionMask = 2147483647;
			files = (
				61285CD31D9462A200659117 /* LaunchScreen.storyboard in Resources */,
				61285CD01D9462A200659117 /* Assets.xcassets in Resources */,
			);
			runOnlyForDeploymentPostprocessing = 0;
		};
/* End PBXResourcesBuildPhase section */

/* Begin PBXSourcesBuildPhase section */
		61285CBC1D9462A200659117 /* Sources */ = {
			isa = PBXSourcesBuildPhase;
			buildActionMask = 2147483647;
			files = (
				61285CC81D9462A200659117 /* AppDelegate.m in Sources */,
				61285CC51D9462A200659117 /* main.m in Sources */,
			);
			runOnlyForDeploymentPostprocessing = 0;
		};
/* End PBXSourcesBuildPhase section */

/* Begin PBXVariantGroup section */
		61285CD11D9462A200659117 /* LaunchScreen.storyboard */ = {
			isa = PBXVariantGroup;
			children = (
				61285CD21D9462A200659117 /* Base */,
			);
			name = LaunchScreen.storyboard;
			sourceTree = "<group>";
		};
/* End PBXVariantGroup section */

/* Begin XCBuildConfiguration section */
		61285CD51D9462A200659117 /* Debug */ = {
			isa = XCBuildConfiguration;
			buildSettings = {
				ALWAYS_SEARCH_USER_PATHS = NO;
				CLANG_ANALYZER_NONNULL = YES;
				CLANG_CXX_LANGUAGE_STANDARD = "gnu++0x";
				CLANG_CXX_LIBRARY = "libc++";
				CLANG_ENABLE_MODULES = YES;
				CLANG_ENABLE_OBJC_ARC = YES;
				CLANG_WARN_BOOL_CONVERSION = YES;
				CLANG_WARN_CONSTANT_CONVERSION = YES;
				CLANG_WARN_DIRECT_OBJC_ISA_USAGE = YES_ERROR;
				CLANG_WARN_EMPTY_BODY = YES;
				CLANG_WARN_ENUM_CONVERSION = YES;
				CLANG_WARN_INT_CONVERSION = YES;
				CLANG_WARN_OBJC_ROOT_CLASS = YES_ERROR;
				CLANG_WARN_UNREACHABLE_CODE = YES;
				CLANG_WARN__DUPLICATE_METHOD_MATCH = YES;
				"CODE_SIGN_IDENTITY[sdk=iphoneos*]" = "iPhone Developer";
				COPY_PHASE_STRIP = NO;
				DEBUG_INFORMATION_FORMAT = dwarf;
				ENABLE_STRICT_OBJC_MSGSEND = YES;
				ENABLE_TESTABILITY = YES;
				GCC_C_LANGUAGE_STANDARD = gnu99;
				GCC_DYNAMIC_NO_PIC = NO;
				GCC_NO_COMMON_BLOCKS = YES;
				GCC_OPTIMIZATION_LEVEL = 0;
				GCC_PREPROCESSOR_DEFINITIONS = (
					"DEBUG=1",
					"$(inherited)",
				);
				GCC_WARN_64_TO_32_BIT_CONVERSION = YES;
				GCC_WARN_ABOUT_RETURN_TYPE = YES_ERROR;
				GCC_WARN_UNDECLARED_SELECTOR = YES;
				GCC_WARN_UNINITIALIZED_AUTOS = YES_AGGRESSIVE;
				GCC_WARN_UNUSED_FUNCTION = YES;
				GCC_WARN_UNUSED_VARIABLE = YES;
				IPHONEOS_DEPLOYMENT_TARGET = 9.3;
				MTL_ENABLE_DEBUG_INFO = YES;
				ONLY_ACTIVE_ARCH = YES;
				SDKROOT = iphoneos;
			};
			name = Debug;
		};
		61285CD61D9462A200659117 /* Release */ = {
			isa = XCBuildConfiguration;
			buildSettings = {
				ALWAYS_SEARCH_USER_PATHS = NO;
				CLANG_ANALYZER_NONNULL = YES;
				CLANG_CXX_LANGUAGE_STANDARD = "gnu++0x";
				CLANG_CXX_LIBRARY = "libc++";
				CLANG_ENABLE_MODULES = YES;
				CLANG_ENABLE_OBJC_ARC = YES;
				CLANG_WARN_BOOL_CONVERSION = YES;
				CLANG_WARN_CONSTANT_CONVERSION = YES;
				CLANG_WARN_DIRECT_OBJC_ISA_USAGE = YES_ERROR;
				CLANG_WARN_EMPTY_BODY = YES;
				CLANG_WARN_ENUM_CONVERSION = YES;
				CLANG_WARN_INT_CONVERSION = YES;
				CLANG_WARN_OBJC_ROOT_CLASS = YES_ERROR;
				CLANG_WARN_UNREACHABLE_CODE = YES;
				CLANG_WARN__DUPLICATE_METHOD_MATCH = YES;
				"CODE_SIGN_IDENTITY[sdk=iphoneos*]" = "iPhone Developer";
				COPY_PHASE_STRIP = NO;
				DEBUG_INFORMATION_FORMAT = "dwarf-with-dsym";
				ENABLE_NS_ASSERTIONS = NO;
				ENABLE_STRICT_OBJC_MSGSEND = YES;
				GCC_C_LANGUAGE_STANDARD = gnu99;
				GCC_NO_COMMON_BLOCKS = YES;
				GCC_WARN_64_TO_32_BIT_CONVERSION = YES;
				GCC_WARN_ABOUT_RETURN_TYPE = YES_ERROR;
				GCC_WARN_UNDECLARED_SELECTOR = YES;
				GCC_WARN_UNINITIALIZED_AUTOS = YES_AGGRESSIVE;
				GCC_WARN_UNUSED_FUNCTION = YES;
				GCC_WARN_UNUSED_VARIABLE = YES;
				IPHONEOS_DEPLOYMENT_TARGET = 9.3;
				MTL_ENABLE_DEBUG_INFO = NO;
				SDKROOT = iphoneos;
				VALIDATE_PRODUCT = YES;
			};
			name = Release;
		};
		61285CD81D9462A200659117 /* Debug */ = {
			isa = XCBuildConfiguration;
			buildSettings = {
				ASSETCATALOG_COMPILER_APPICON_NAME = AppIcon;
				INFOPLIST_FILE = NoteBook/Info.plist;
				LD_RUNPATH_SEARCH_PATHS = "$(inherited) @executable_path/Frameworks";
				PRODUCT_BUNDLE_IDENTIFIER = com.kylietle.NoteBook;
				PRODUCT_NAME = "$(TARGET_NAME)";
			};
			name = Debug;
		};
		61285CD91D9462A200659117 /* Release */ = {
			isa = XCBuildConfiguration;
			buildSettings = {
				ASSETCATALOG_COMPILER_APPICON_NAME = AppIcon;
				INFOPLIST_FILE = NoteBook/Info.plist;
				LD_RUNPATH_SEARCH_PATHS = "$(inherited) @executable_path/Frameworks";
				PRODUCT_BUNDLE_IDENTIFIER = com.kylietle.NoteBook;
				PRODUCT_NAME = "$(TARGET_NAME)";
			};
			name = Release;
		};
/* End XCBuildConfiguration section */

/* Begin XCConfigurationList section */
		61285CBB1D9462A200659117 /* Build configuration list for PBXProject "NoteBook" */ = {
			isa = XCConfigurationList;
			buildConfigurations = (
				61285CD51D9462A200659117 /* Debug */,
				61285CD61D9462A200659117 /* Release */,
			);
			defaultConfigurationIsVisible = 0;
			defaultConfigurationName = Release;
		};
		61285CD71D9462A200659117 /* Build configuration list for PBXNativeTarget "NoteBook" */ = {
			isa = XCConfigurationList;
			buildConfigurations = (
				61285CD81D9462A200659117 /* Debug */,
				61285CD91D9462A200659117 /* Release */,
			);
			defaultConfigurationIsVisible = 0;
		};
/* End XCConfigurationList section */
	};
	rootObject = 61285CB81D9462A200659117 /* Project object */;
}
